// !$*UTF8*$!
{
	archiveVersion = 1;
	classes = {
	};
	objectVersion = 77;
	objects = {

/* Begin PBXContainerItemProxy section */
		9C4EB53A2D53E4B6009D01F9 /* PBXContainerItemProxy */ = {
			isa = PBXContainerItemProxy;
			containerPortal = 9C4EB51F2D53E4B5009D01F9 /* Project object */;
			proxyType = 1;
			remoteGlobalIDString = 9C4EB5262D53E4B5009D01F9;
			remoteInfo = NationFinder;
		};
		9C4EB5442D53E4B6009D01F9 /* PBXContainerItemProxy */ = {
			isa = PBXContainerItemProxy;
			containerPortal = 9C4EB51F2D53E4B5009D01F9 /* Project object */;
			proxyType = 1;
			remoteGlobalIDString = 9C4EB5262D53E4B5009D01F9;
			remoteInfo = NationFinder;
		};
/* End PBXContainerItemProxy section */

/* Begin PBXFileReference section */
		9C4EB5272D53E4B5009D01F9 /* NationFinder.app */ = {isa = PBXFileReference; explicitFileType = wrapper.application; includeInIndex = 0; path = NationFinder.app; sourceTree = BUILT_PRODUCTS_DIR; };
		9C4EB5392D53E4B6009D01F9 /* NationFinderTests.xctest */ = {isa = PBXFileReference; explicitFileType = wrapper.cfbundle; includeInIndex = 0; path = NationFinderTests.xctest; sourceTree = BUILT_PRODUCTS_DIR; };
		9C4EB5432D53E4B6009D01F9 /* NationFinderUITests.xctest */ = {isa = PBXFileReference; explicitFileType = wrapper.cfbundle; includeInIndex = 0; path = NationFinderUITests.xctest; sourceTree = BUILT_PRODUCTS_DIR; };
/* End PBXFileReference section */

/* Begin PBXFileSystemSynchronizedBuildFileExceptionSet section */
		9C4EB5B12D53F29C009D01F9 /* Exceptions for "NationFinder" folder in "NationFinder" target */ = {
			isa = PBXFileSystemSynchronizedBuildFileExceptionSet;
			membershipExceptions = (
				Info.plist,
			);
			target = 9C4EB5262D53E4B5009D01F9 /* NationFinder */;
		};
/* End PBXFileSystemSynchronizedBuildFileExceptionSet section */

/* Begin PBXFileSystemSynchronizedRootGroup section */
		9C4EB5292D53E4B5009D01F9 /* NationFinder */ = {
			isa = PBXFileSystemSynchronizedRootGroup;
			exceptions = (
				9C4EB5B12D53F29C009D01F9 /* Exceptions for "NationFinder" folder in "NationFinder" target */,
			);
			path = NationFinder;
			sourceTree = "<group>";
		};
		9C4EB53C2D53E4B6009D01F9 /* NationFinderTests */ = {
			isa = PBXFileSystemSynchronizedRootGroup;
			path = NationFinderTests;
			sourceTree = "<group>";
		};
		9C4EB5462D53E4B6009D01F9 /* NationFinderUITests */ = {
			isa = PBXFileSystemSynchronizedRootGroup;
			path = NationFinderUITests;
			sourceTree = "<group>";
		};
/* End PBXFileSystemSynchronizedRootGroup section */

/* Begin PBXFrameworksBuildPhase section */
		9C4EB5242D53E4B5009D01F9 /* Frameworks */ = {
			isa = PBXFrameworksBuildPhase;
			buildActionMask = 2147483647;
			files = (
			);
			runOnlyForDeploymentPostprocessing = 0;
		};
		9C4EB5362D53E4B6009D01F9 /* Frameworks */ = {
			isa = PBXFrameworksBuildPhase;
			buildActionMask = 2147483647;
			files = (
			);
			runOnlyForDeploymentPostprocessing = 0;
		};
		9C4EB5402D53E4B6009D01F9 /* Frameworks */ = {
			isa = PBXFrameworksBuildPhase;
			buildActionMask = 2147483647;
			files = (
			);
			runOnlyForDeploymentPostprocessing = 0;
		};
/* End PBXFrameworksBuildPhase section */

/* Begin PBXGroup section */
		9C4EB51E2D53E4B5009D01F9 = {
			isa = PBXGroup;
			children = (
				9C4EB5292D53E4B5009D01F9 /* NationFinder */,
				9C4EB53C2D53E4B6009D01F9 /* NationFinderTests */,
				9C4EB5462D53E4B6009D01F9 /* NationFinderUITests */,
				9C4EB5282D53E4B5009D01F9 /* Products */,
			);
			sourceTree = "<group>";
		};
		9C4EB5282D53E4B5009D01F9 /* Products */ = {
			isa = PBXGroup;
			children = (
				9C4EB5272D53E4B5009D01F9 /* NationFinder.app */,
				9C4EB5392D53E4B6009D01F9 /* NationFinderTests.xctest */,
				9C4EB5432D53E4B6009D01F9 /* NationFinderUITests.xctest */,
			);
			name = Products;
			sourceTree = "<group>";
		};
/* End PBXGroup section */

/* Begin PBXNativeTarget section */
		9C4EB5262D53E4B5009D01F9 /* NationFinder */ = {
			isa = PBXNativeTarget;
			buildConfigurationList = 9C4EB54D2D53E4B6009D01F9 /* Build configuration list for PBXNativeTarget "NationFinder" */;
			buildPhases = (
				9C4EB5232D53E4B5009D01F9 /* Sources */,
				9C4EB5242D53E4B5009D01F9 /* Frameworks */,
				9C4EB5252D53E4B5009D01F9 /* Resources */,
			);
			buildRules = (
			);
			dependencies = (
			);
			fileSystemSynchronizedGroups = (
				9C4EB5292D53E4B5009D01F9 /* NationFinder */,
			);
			name = NationFinder;
			packageProductDependencies = (
			);
			productName = NationFinder;
			productReference = 9C4EB5272D53E4B5009D01F9 /* NationFinder.app */;
			productType = "com.apple.product-type.application";
		};
		9C4EB5382D53E4B6009D01F9 /* NationFinderTests */ = {
			isa = PBXNativeTarget;
			buildConfigurationList = 9C4EB5502D53E4B6009D01F9 /* Build configuration list for PBXNativeTarget "NationFinderTests" */;
			buildPhases = (
				9C4EB5352D53E4B6009D01F9 /* Sources */,
				9C4EB5362D53E4B6009D01F9 /* Frameworks */,
				9C4EB5372D53E4B6009D01F9 /* Resources */,
			);
			buildRules = (
			);
			dependencies = (
				9C4EB53B2D53E4B6009D01F9 /* PBXTargetDependency */,
			);
			fileSystemSynchronizedGroups = (
				9C4EB53C2D53E4B6009D01F9 /* NationFinderTests */,
			);
			name = NationFinderTests;
			packageProductDependencies = (
			);
			productName = NationFinderTests;
			productReference = 9C4EB5392D53E4B6009D01F9 /* NationFinderTests.xctest */;
			productType = "com.apple.product-type.bundle.unit-test";
		};
		9C4EB5422D53E4B6009D01F9 /* NationFinderUITests */ = {
			isa = PBXNativeTarget;
			buildConfigurationList = 9C4EB5532D53E4B6009D01F9 /* Build configuration list for PBXNativeTarget "NationFinderUITests" */;
			buildPhases = (
				9C4EB53F2D53E4B6009D01F9 /* Sources */,
				9C4EB5402D53E4B6009D01F9 /* Frameworks */,
				9C4EB5412D53E4B6009D01F9 /* Resources */,
			);
			buildRules = (
			);
			dependencies = (
				9C4EB5452D53E4B6009D01F9 /* PBXTargetDependency */,
			);
			fileSystemSynchronizedGroups = (
				9C4EB5462D53E4B6009D01F9 /* NationFinderUITests */,
			);
			name = NationFinderUITests;
			packageProductDependencies = (
			);
			productName = NationFinderUITests;
			productReference = 9C4EB5432D53E4B6009D01F9 /* NationFinderUITests.xctest */;
			productType = "com.apple.product-type.bundle.ui-testing";
		};
/* End PBXNativeTarget section */

/* Begin PBXProject section */
		9C4EB51F2D53E4B5009D01F9 /* Project object */ = {
			isa = PBXProject;
			attributes = {
				BuildIndependentTargetsInParallel = 1;
				LastSwiftUpdateCheck = 1610;
				LastUpgradeCheck = 1610;
				TargetAttributes = {
					9C4EB5262D53E4B5009D01F9 = {
						CreatedOnToolsVersion = 16.1;
					};
					9C4EB5382D53E4B6009D01F9 = {
						CreatedOnToolsVersion = 16.1;
						TestTargetID = 9C4EB5262D53E4B5009D01F9;
					};
					9C4EB5422D53E4B6009D01F9 = {
						CreatedOnToolsVersion = 16.1;
						TestTargetID = 9C4EB5262D53E4B5009D01F9;
					};
				};
			};
			buildConfigurationList = 9C4EB5222D53E4B5009D01F9 /* Build configuration list for PBXProject "NationFinder" */;
			developmentRegion = en;
			hasScannedForEncodings = 0;
			knownRegions = (
				en,
				Base,
			);
			mainGroup = 9C4EB51E2D53E4B5009D01F9;
			minimizedProjectReferenceProxies = 1;
			preferredProjectObjectVersion = 77;
			productRefGroup = 9C4EB5282D53E4B5009D01F9 /* Products */;
			projectDirPath = "";
			projectRoot = "";
			targets = (
				9C4EB5262D53E4B5009D01F9 /* NationFinder */,
				9C4EB5382D53E4B6009D01F9 /* NationFinderTests */,
				9C4EB5422D53E4B6009D01F9 /* NationFinderUITests */,
			);
		};
/* End PBXProject section */

/* Begin PBXResourcesBuildPhase section */
		9C4EB5252D53E4B5009D01F9 /* Resources */ = {
			isa = PBXResourcesBuildPhase;
			buildActionMask = 2147483647;
			files = (
			);
			runOnlyForDeploymentPostprocessing = 0;
		};
		9C4EB5372D53E4B6009D01F9 /* Resources */ = {
			isa = PBXResourcesBuildPhase;
			buildActionMask = 2147483647;
			files = (
			);
			runOnlyForDeploymentPostprocessing = 0;
		};
		9C4EB5412D53E4B6009D01F9 /* Resources */ = {
			isa = PBXResourcesBuildPhase;
			buildActionMask = 2147483647;
			files = (
			);
			runOnlyForDeploymentPostprocessing = 0;
		};
/* End PBXResourcesBuildPhase section */

/* Begin PBXSourcesBuildPhase section */
		9C4EB5232D53E4B5009D01F9 /* Sources */ = {
			isa = PBXSourcesBuildPhase;
			buildActionMask = 2147483647;
			files = (
			);
			runOnlyForDeploymentPostprocessing = 0;
		};
		9C4EB5352D53E4B6009D01F9 /* Sources */ = {
			isa = PBXSourcesBuildPhase;
			buildActionMask = 2147483647;
			files = (
			);
			runOnlyForDeploymentPostprocessing = 0;
		};
		9C4EB53F2D53E4B6009D01F9 /* Sources */ = {
			isa = PBXSourcesBuildPhase;
			buildActionMask = 2147483647;
			files = (
			);
			runOnlyForDeploymentPostprocessing = 0;
		};
/* End PBXSourcesBuildPhase section */

/* Begin PBXTargetDependency section */
		9C4EB53B2D53E4B6009D01F9 /* PBXTargetDependency */ = {
			isa = PBXTargetDependency;
			target = 9C4EB5262D53E4B5009D01F9 /* NationFinder */;
			targetProxy = 9C4EB53A2D53E4B6009D01F9 /* PBXContainerItemProxy */;
		};
		9C4EB5452D53E4B6009D01F9 /* PBXTargetDependency */ = {
			isa = PBXTargetDependency;
			target = 9C4EB5262D53E4B5009D01F9 /* NationFinder */;
			targetProxy = 9C4EB5442D53E4B6009D01F9 /* PBXContainerItemProxy */;
		};
/* End PBXTargetDependency section */

/* Begin XCBuildConfiguration section */
		9C4EB54B2D53E4B6009D01F9 /* Debug */ = {
			isa = XCBuildConfiguration;
			buildSettings = {
				ALWAYS_SEARCH_USER_PATHS = NO;
				ASSETCATALOG_COMPILER_GENERATE_SWIFT_ASSET_SYMBOL_EXTENSIONS = YES;
				CLANG_ANALYZER_NONNULL = YES;
				CLANG_ANALYZER_NUMBER_OBJECT_CONVERSION = YES_AGGRESSIVE;
				CLANG_CXX_LANGUAGE_STANDARD = "gnu++20";
				CLANG_ENABLE_MODULES = YES;
				CLANG_ENABLE_OBJC_ARC = YES;
				CLANG_ENABLE_OBJC_WEAK = YES;
				CLANG_WARN_BLOCK_CAPTURE_AUTORELEASING = YES;
				CLANG_WARN_BOOL_CONVERSION = YES;
				CLANG_WARN_COMMA = YES;
				CLANG_WARN_CONSTANT_CONVERSION = YES;
				CLANG_WARN_DEPRECATED_OBJC_IMPLEMENTATIONS = YES;
				CLANG_WARN_DIRECT_OBJC_ISA_USAGE = YES_ERROR;
				CLANG_WARN_DOCUMENTATION_COMMENTS = YES;
				CLANG_WARN_EMPTY_BODY = YES;
				CLANG_WARN_ENUM_CONVERSION = YES;
				CLANG_WARN_INFINITE_RECURSION = YES;
				CLANG_WARN_INT_CONVERSION = YES;
				CLANG_WARN_NON_LITERAL_NULL_CONVERSION = YES;
				CLANG_WARN_OBJC_IMPLICIT_RETAIN_SELF = YES;
				CLANG_WARN_OBJC_LITERAL_CONVERSION = YES;
				CLANG_WARN_OBJC_ROOT_CLASS = YES_ERROR;
				CLANG_WARN_QUOTED_INCLUDE_IN_FRAMEWORK_HEADER = YES;
				CLANG_WARN_RANGE_LOOP_ANALYSIS = YES;
				CLANG_WARN_STRICT_PROTOTYPES = YES;
				CLANG_WARN_SUSPICIOUS_MOVE = YES;
				CLANG_WARN_UNGUARDED_AVAILABILITY = YES_AGGRESSIVE;
				CLANG_WARN_UNREACHABLE_CODE = YES;
				CLANG_WARN__DUPLICATE_METHOD_MATCH = YES;
				COPY_PHASE_STRIP = NO;
				DEBUG_INFORMATION_FORMAT = dwarf;
				ENABLE_STRICT_OBJC_MSGSEND = YES;
				ENABLE_TESTABILITY = YES;
				ENABLE_USER_SCRIPT_SANDBOXING = YES;
				GCC_C_LANGUAGE_STANDARD = gnu17;
				GCC_DYNAMIC_NO_PIC = NO;
				GCC_NO_COMMON_BLOCKS = YES;
				GCC_OPTIMIZATION_LEVEL = 0;
				GCC_PREPROCESSOR_DEFINITIONS = (
					"DEBUG=1",
					"$(inherited)",
				);
				GCC_WARN_64_TO_32_BIT_CONVERSION = YES;
				GCC_WARN_ABOUT_RETURN_TYPE = YES_ERROR;
				GCC_WARN_UNDECLARED_SELECTOR = YES;
				GCC_WARN_UNINITIALIZED_AUTOS = YES_AGGRESSIVE;
				GCC_WARN_UNUSED_FUNCTION = YES;
				GCC_WARN_UNUSED_VARIABLE = YES;
				IPHONEOS_DEPLOYMENT_TARGET = 18.1;
				LOCALIZATION_PREFERS_STRING_CATALOGS = YES;
				MTL_ENABLE_DEBUG_INFO = INCLUDE_SOURCE;
				MTL_FAST_MATH = YES;
				ONLY_ACTIVE_ARCH = YES;
				SDKROOT = iphoneos;
				SWIFT_ACTIVE_COMPILATION_CONDITIONS = "DEBUG $(inherited)";
				SWIFT_OPTIMIZATION_LEVEL = "-Onone";
			};
			name = Debug;
		};
		9C4EB54C2D53E4B6009D01F9 /* Release */ = {
			isa = XCBuildConfiguration;
			buildSettings = {
				ALWAYS_SEARCH_USER_PATHS = NO;
				ASSETCATALOG_COMPILER_GENERATE_SWIFT_ASSET_SYMBOL_EXTENSIONS = YES;
				CLANG_ANALYZER_NONNULL = YES;
				CLANG_ANALYZER_NUMBER_OBJECT_CONVERSION = YES_AGGRESSIVE;
				CLANG_CXX_LANGUAGE_STANDARD = "gnu++20";
				CLANG_ENABLE_MODULES = YES;
				CLANG_ENABLE_OBJC_ARC = YES;
				CLANG_ENABLE_OBJC_WEAK = YES;
				CLANG_WARN_BLOCK_CAPTURE_AUTORELEASING = YES;
				CLANG_WARN_BOOL_CONVERSION = YES;
				CLANG_WARN_COMMA = YES;
				CLANG_WARN_CONSTANT_CONVERSION = YES;
				CLANG_WARN_DEPRECATED_OBJC_IMPLEMENTATIONS = YES;
				CLANG_WARN_DIRECT_OBJC_ISA_USAGE = YES_ERROR;
				CLANG_WARN_DOCUMENTATION_COMMENTS = YES;
				CLANG_WARN_EMPTY_BODY = YES;
				CLANG_WARN_ENUM_CONVERSION = YES;
				CLANG_WARN_INFINITE_RECURSION = YES;
				CLANG_WARN_INT_CONVERSION = YES;
				CLANG_WARN_NON_LITERAL_NULL_CONVERSION = YES;
				CLANG_WARN_OBJC_IMPLICIT_RETAIN_SELF = YES;
				CLANG_WARN_OBJC_LITERAL_CONVERSION = YES;
				CLANG_WARN_OBJC_ROOT_CLASS = YES_ERROR;
				CLANG_WARN_QUOTED_INCLUDE_IN_FRAMEWORK_HEADER = YES;
				CLANG_WARN_RANGE_LOOP_ANALYSIS = YES;
				CLANG_WARN_STRICT_PROTOTYPES = YES;
				CLANG_WARN_SUSPICIOUS_MOVE = YES;
				CLANG_WARN_UNGUARDED_AVAILABILITY = YES_AGGRESSIVE;
				CLANG_WARN_UNREACHABLE_CODE = YES;
				CLANG_WARN__DUPLICATE_METHOD_MATCH = YES;
				COPY_PHASE_STRIP = NO;
				DEBUG_INFORMATION_FORMAT = "dwarf-with-dsym";
				ENABLE_NS_ASSERTIONS = NO;
				ENABLE_STRICT_OBJC_MSGSEND = YES;
				ENABLE_USER_SCRIPT_SANDBOXING = YES;
				GCC_C_LANGUAGE_STANDARD = gnu17;
				GCC_NO_COMMON_BLOCKS = YES;
				GCC_WARN_64_TO_32_BIT_CONVERSION = YES;
				GCC_WARN_ABOUT_RETURN_TYPE = YES_ERROR;
				GCC_WARN_UNDECLARED_SELECTOR = YES;
				GCC_WARN_UNINITIALIZED_AUTOS = YES_AGGRESSIVE;
				GCC_WARN_UNUSED_FUNCTION = YES;
				GCC_WARN_UNUSED_VARIABLE = YES;
				IPHONEOS_DEPLOYMENT_TARGET = 18.1;
				LOCALIZATION_PREFERS_STRING_CATALOGS = YES;
				MTL_ENABLE_DEBUG_INFO = NO;
				MTL_FAST_MATH = YES;
				SDKROOT = iphoneos;
				SWIFT_COMPILATION_MODE = wholemodule;
				VALIDATE_PRODUCT = YES;
			};
			name = Release;
		};
		9C4EB54E2D53E4B6009D01F9 /* Debug */ = {
			isa = XCBuildConfiguration;
			buildSettings = {
				ASSETCATALOG_COMPILER_APPICON_NAME = AppIcon;
				ASSETCATALOG_COMPILER_GLOBAL_ACCENT_COLOR_NAME = AccentColor;
				CODE_SIGN_STYLE = Automatic;
				CURRENT_PROJECT_VERSION = 1;
				DEVELOPMENT_ASSET_PATHS = "\"NationFinder/Preview Content\"";
				DEVELOPMENT_TEAM = LRDS6PV5N3;
				ENABLE_PREVIEWS = YES;
				GENERATE_INFOPLIST_FILE = YES;
				INFOPLIST_FILE = NationFinder/Info.plist;
				INFOPLIST_KEY_UIApplicationSceneManifest_Generation = YES;
				INFOPLIST_KEY_UIApplicationSupportsIndirectInputEvents = YES;
				INFOPLIST_KEY_UISupportedInterfaceOrientations_iPad = "UIInterfaceOrientationPortrait UIInterfaceOrientationPortraitUpsideDown UIInterfaceOrientationLandscapeLeft UIInterfaceOrientationLandscapeRight";
				INFOPLIST_KEY_UISupportedInterfaceOrientations_iPhone = "UIInterfaceOrientationPortrait UIInterfaceOrientationLandscapeLeft UIInterfaceOrientationLandscapeRight";
				LD_RUNPATH_SEARCH_PATHS = (
					"$(inherited)",
					"@executable_path/Frameworks",
				);
				MARKETING_VERSION = 1.0;
				PRODUCT_BUNDLE_IDENTIFIER = Modern.NationFinder;
				PRODUCT_NAME = "$(TARGET_NAME)";
				SWIFT_EMIT_LOC_STRINGS = YES;
				SWIFT_VERSION = 5.0;
				TARGETED_DEVICE_FAMILY = "1,2";
			};
			name = Debug;
		};
		9C4EB54F2D53E4B6009D01F9 /* Release */ = {
			isa = XCBuildConfiguration;
			buildSettings = {
				ASSETCATALOG_COMPILER_APPICON_NAME = AppIcon;
				ASSETCATALOG_COMPILER_GLOBAL_ACCENT_COLOR_NAME = AccentColor;
				CODE_SIGN_STYLE = Automatic;
				CURRENT_PROJECT_VERSION = 1;
				DEVELOPMENT_ASSET_PATHS = "\"NationFinder/Preview Content\"";
				DEVELOPMENT_TEAM = LRDS6PV5N3;
				ENABLE_PREVIEWS = YES;
				GENERATE_INFOPLIST_FILE = YES;
				INFOPLIST_FILE = NationFinder/Info.plist;
				INFOPLIST_KEY_UIApplicationSceneManifest_Generation = YES;
				INFOPLIST_KEY_UIApplicationSupportsIndirectInputEvents = YES;
				INFOPLIST_KEY_UISupportedInterfaceOrientations_iPad = "UIInterfaceOrientationPortrait UIInterfaceOrientationPortraitUpsideDown UIInterfaceOrientationLandscapeLeft UIInterfaceOrientationLandscapeRight";
				INFOPLIST_KEY_UISupportedInterfaceOrientations_iPhone = "UIInterfaceOrientationPortrait UIInterfaceOrientationLandscapeLeft UIInterfaceOrientationLandscapeRight";
				LD_RUNPATH_SEARCH_PATHS = (
					"$(inherited)",
					"@executable_path/Frameworks",
				);
				MARKETING_VERSION = 1.0;
				PRODUCT_BUNDLE_IDENTIFIER = Modern.NationFinder;
				PRODUCT_NAME = "$(TARGET_NAME)";
				SWIFT_EMIT_LOC_STRINGS = YES;
				SWIFT_VERSION = 5.0;
				TARGETED_DEVICE_FAMILY = "1,2";
			};
			name = Release;
		};
		9C4EB5512D53E4B6009D01F9 /* Debug */ = {
			isa = XCBuildConfiguration;
			buildSettings = {
				BUNDLE_LOADER = "$(TEST_HOST)";
				CODE_SIGN_STYLE = Automatic;
				CURRENT_PROJECT_VERSION = 1;
				DEVELOPMENT_TEAM = LRDS6PV5N3;
				GENERATE_INFOPLIST_FILE = YES;
				IPHONEOS_DEPLOYMENT_TARGET = 18.1;
				MARKETING_VERSION = 1.0;
				PRODUCT_BUNDLE_IDENTIFIER = Modern.NationFinderTests;
				PRODUCT_NAME = "$(TARGET_NAME)";
				SWIFT_EMIT_LOC_STRINGS = NO;
				SWIFT_VERSION = 5.0;
				TARGETED_DEVICE_FAMILY = "1,2";
				TEST_HOST = "$(BUILT_PRODUCTS_DIR)/NationFinder.app/$(BUNDLE_EXECUTABLE_FOLDER_PATH)/NationFinder";
			};
			name = Debug;
		};
		9C4EB5522D53E4B6009D01F9 /* Release */ = {
			isa = XCBuildConfiguration;
			buildSettings = {
				BUNDLE_LOADER = "$(TEST_HOST)";
				CODE_SIGN_STYLE = Automatic;
				CURRENT_PROJECT_VERSION = 1;
				DEVELOPMENT_TEAM = LRDS6PV5N3;
				GENERATE_INFOPLIST_FILE = YES;
				IPHONEOS_DEPLOYMENT_TARGET = 18.1;
				MARKETING_VERSION = 1.0;
				PRODUCT_BUNDLE_IDENTIFIER = Modern.NationFinderTests;
				PRODUCT_NAME = "$(TARGET_NAME)";
				SWIFT_EMIT_LOC_STRINGS = NO;
				SWIFT_VERSION = 5.0;
				TARGETED_DEVICE_FAMILY = "1,2";
				TEST_HOST = "$(BUILT_PRODUCTS_DIR)/NationFinder.app/$(BUNDLE_EXECUTABLE_FOLDER_PATH)/NationFinder";
			};
			name = Release;
		};
		9C4EB5542D53E4B6009D01F9 /* Debug */ = {
			isa = XCBuildConfiguration;
			buildSettings = {
				CODE_SIGN_STYLE = Automatic;
				CURRENT_PROJECT_VERSION = 1;
				DEVELOPMENT_TEAM = LRDS6PV5N3;
				GENERATE_INFOPLIST_FILE = YES;
				MARKETING_VERSION = 1.0;
				PRODUCT_BUNDLE_IDENTIFIER = Modern.NationFinderUITests;
				PRODUCT_NAME = "$(TARGET_NAME)";
				SWIFT_EMIT_LOC_STRINGS = NO;
				SWIFT_VERSION = 5.0;
				TARGETED_DEVICE_FAMILY = "1,2";
				TEST_TARGET_NAME = NationFinder;
			};
			name = Debug;
		};
		9C4EB5552D53E4B6009D01F9 /* Release */ = {
			isa = XCBuildConfiguration;
			buildSettings = {
				CODE_SIGN_STYLE = Automatic;
				CURRENT_PROJECT_VERSION = 1;
				DEVELOPMENT_TEAM = LRDS6PV5N3;
				GENERATE_INFOPLIST_FILE = YES;
				MARKETING_VERSION = 1.0;
				PRODUCT_BUNDLE_IDENTIFIER = Modern.NationFinderUITests;
				PRODUCT_NAME = "$(TARGET_NAME)";
				SWIFT_EMIT_LOC_STRINGS = NO;
				SWIFT_VERSION = 5.0;
				TARGETED_DEVICE_FAMILY = "1,2";
				TEST_TARGET_NAME = NationFinder;
			};
			name = Release;
		};
/* End XCBuildConfiguration section */

/* Begin XCConfigurationList section */
		9C4EB5222D53E4B5009D01F9 /* Build configuration list for PBXProject "NationFinder" */ = {
			isa = XCConfigurationList;
			buildConfigurations = (
				9C4EB54B2D53E4B6009D01F9 /* Debug */,
				9C4EB54C2D53E4B6009D01F9 /* Release */,
			);
			defaultConfigurationIsVisible = 0;
			defaultConfigurationName = Release;
		};
		9C4EB54D2D53E4B6009D01F9 /* Build configuration list for PBXNativeTarget "NationFinder" */ = {
			isa = XCConfigurationList;
			buildConfigurations = (
				9C4EB54E2D53E4B6009D01F9 /* Debug */,
				9C4EB54F2D53E4B6009D01F9 /* Release */,
			);
			defaultConfigurationIsVisible = 0;
			defaultConfigurationName = Release;
		};
		9C4EB5502D53E4B6009D01F9 /* Build configuration list for PBXNativeTarget "NationFinderTests" */ = {
			isa = XCConfigurationList;
			buildConfigurations = (
				9C4EB5512D53E4B6009D01F9 /* Debug */,
				9C4EB5522D53E4B6009D01F9 /* Release */,
			);
			defaultConfigurationIsVisible = 0;
			defaultConfigurationName = Release;
		};
		9C4EB5532D53E4B6009D01F9 /* Build configuration list for PBXNativeTarget "NationFinderUITests" */ = {
			isa = XCConfigurationList;
			buildConfigurations = (
				9C4EB5542D53E4B6009D01F9 /* Debug */,
				9C4EB5552D53E4B6009D01F9 /* Release */,
			);
			defaultConfigurationIsVisible = 0;
			defaultConfigurationName = Release;
		};
/* End XCConfigurationList section */
	};
	rootObject = 9C4EB51F2D53E4B5009D01F9 /* Project object */;
}
